
Microsoft Visual Studio Solution File, Format Version 12.00
# Visual Studio Version 16
VisualStudioVersion = 16.0.30104.148
MinimumVisualStudioVersion = 10.0.40219.1
Project("{FAE04EC0-301F-11D3-BF4B-00C04F79EFBC}") = "Gabazzo Backend", "Gabazzo Backend\Gabazzo Backend.csproj", "{9CF99B8D-A90C-4224-BBE0-B6D4B8999B08}"
EndProject
Global
	GlobalSection(SolutionConfigurationPlatforms) = preSolution
		Debug|Any CPU = Debug|Any CPU
		Release|Any CPU = Release|Any CPU
	EndGlobalSection
	GlobalSection(ProjectConfigurationPlatforms) = postSolution
		{9CF99B8D-A90C-4224-BBE0-B6D4B8999B08}.Debug|Any CPU.ActiveCfg = Debug|Any CPU
		{9CF99B8D-A90C-4224-BBE0-B6D4B8999B08}.Debug|Any CPU.Build.0 = Debug|Any CPU
		{9CF99B8D-A90C-4224-BBE0-B6D4B8999B08}.Release|Any CPU.ActiveCfg = Release|Any CPU
		{9CF99B8D-A90C-4224-BBE0-B6D4B8999B08}.Release|Any CPU.Build.0 = Release|Any CPU
	EndGlobalSection
	GlobalSection(SolutionProperties) = preSolution
		HideSolutionNode = FALSE
	EndGlobalSection
	GlobalSection(ExtensibilityGlobals) = postSolution
		SolutionGuid = {80B2FCE0-835E-4775-9098-F8A518EC2A0D}
	EndGlobalSection
EndGlobal
